// !$*UTF8*$!
{
	archiveVersion = 1;
	classes = {
	};
	objectVersion = 50;
	objects = {

/* Begin PBXBuildFile section */
		A02B24E321C484EE00819FB7 /* UpcomingMovieCell.swift in Sources */ = {isa = PBXBuildFile; fileRef = A02B24E221C484EE00819FB7 /* UpcomingMovieCell.swift */; };
		A02B24E821C48B1000819FB7 /* MovieDetailController.swift in Sources */ = {isa = PBXBuildFile; fileRef = A02B24E721C48B1000819FB7 /* MovieDetailController.swift */; };
		A02B24EA21C4BBCD00819FB7 /* MenuCell.swift in Sources */ = {isa = PBXBuildFile; fileRef = A02B24E921C4BBCD00819FB7 /* MenuCell.swift */; };
		A02B24EE21C7194300819FB7 /* EntityName.swift in Sources */ = {isa = PBXBuildFile; fileRef = A02B24ED21C7194300819FB7 /* EntityName.swift */; };
		A074588D21C0880200D3E483 /* AppDelegate.swift in Sources */ = {isa = PBXBuildFile; fileRef = A074588C21C0880200D3E483 /* AppDelegate.swift */; };
		A074588F21C0880200D3E483 /* ViewController.swift in Sources */ = {isa = PBXBuildFile; fileRef = A074588E21C0880200D3E483 /* ViewController.swift */; };
		A074589221C0880200D3E483 /* Main.storyboard in Resources */ = {isa = PBXBuildFile; fileRef = A074589021C0880200D3E483 /* Main.storyboard */; };
		A074589521C0880200D3E483 /* RappiMovieTest.xcdatamodeld in Sources */ = {isa = PBXBuildFile; fileRef = A074589321C0880200D3E483 /* RappiMovieTest.xcdatamodeld */; };
		A074589721C0880700D3E483 /* Assets.xcassets in Resources */ = {isa = PBXBuildFile; fileRef = A074589621C0880700D3E483 /* Assets.xcassets */; };
		A074589A21C0880700D3E483 /* LaunchScreen.storyboard in Resources */ = {isa = PBXBuildFile; fileRef = A074589821C0880700D3E483 /* LaunchScreen.storyboard */; };
		A07458A321C0887100D3E483 /* Extensions.swift in Sources */ = {isa = PBXBuildFile; fileRef = A07458A221C0887100D3E483 /* Extensions.swift */; };
		A07458A521C088D600D3E483 /* HomeViewController.swift in Sources */ = {isa = PBXBuildFile; fileRef = A07458A421C088D600D3E483 /* HomeViewController.swift */; };
		A07458A721C0892A00D3E483 /* LoginController.swift in Sources */ = {isa = PBXBuildFile; fileRef = A07458A621C0892A00D3E483 /* LoginController.swift */; };
		A07458A921C0BDEC00D3E483 /* AuthService.swift in Sources */ = {isa = PBXBuildFile; fileRef = A07458A821C0BDEC00D3E483 /* AuthService.swift */; };
		A0A8635E21C208FC00D7370C /* PopularCell.swift in Sources */ = {isa = PBXBuildFile; fileRef = A0A8635D21C208FC00D7370C /* PopularCell.swift */; };
		A0A8636021C2090D00D7370C /* TopRatedCell.swift in Sources */ = {isa = PBXBuildFile; fileRef = A0A8635F21C2090D00D7370C /* TopRatedCell.swift */; };
		A0A8636221C2092600D7370C /* UpComingCell.swift in Sources */ = {isa = PBXBuildFile; fileRef = A0A8636121C2092600D7370C /* UpComingCell.swift */; };
		A0A8636421C211B500D7370C /* PopularMovieCell.swift in Sources */ = {isa = PBXBuildFile; fileRef = A0A8636321C211B500D7370C /* PopularMovieCell.swift */; };
		A0A8636A21C2190600D7370C /* CoreDataStack.swift in Sources */ = {isa = PBXBuildFile; fileRef = A0A8636921C2190600D7370C /* CoreDataStack.swift */; };
		A0A8637121C2AFE700D7370C /* CustomImageView.swift in Sources */ = {isa = PBXBuildFile; fileRef = A0A8637021C2AFE700D7370C /* CustomImageView.swift */; };
		A0A8637321C2E39600D7370C /* ApiService.swift in Sources */ = {isa = PBXBuildFile; fileRef = A0A8637221C2E39600D7370C /* ApiService.swift */; };
		A0A8637521C2E71D00D7370C /* Constants.swift in Sources */ = {isa = PBXBuildFile; fileRef = A0A8637421C2E71D00D7370C /* Constants.swift */; };
		A0A8637721C36DF400D7370C /* TopRatedMovieCell.swift in Sources */ = {isa = PBXBuildFile; fileRef = A0A8637621C36DF400D7370C /* TopRatedMovieCell.swift */; };
		A0A8638021C428C900D7370C /* UpcomingMovie+CoreDataClass.swift in Sources */ = {isa = PBXBuildFile; fileRef = A0A8637C21C428C900D7370C /* UpcomingMovie+CoreDataClass.swift */; };
		A0A8638121C428C900D7370C /* UpcomingMovie+CoreDataProperties.swift in Sources */ = {isa = PBXBuildFile; fileRef = A0A8637D21C428C900D7370C /* UpcomingMovie+CoreDataProperties.swift */; };
		A0A8638221C428C900D7370C /* TopRatedMovie+CoreDataClass.swift in Sources */ = {isa = PBXBuildFile; fileRef = A0A8637E21C428C900D7370C /* TopRatedMovie+CoreDataClass.swift */; };
		A0A8638321C428C900D7370C /* TopRatedMovie+CoreDataProperties.swift in Sources */ = {isa = PBXBuildFile; fileRef = A0A8637F21C428C900D7370C /* TopRatedMovie+CoreDataProperties.swift */; };
		A0A8638621C42B6600D7370C /* PopularMovie+CoreDataClass.swift in Sources */ = {isa = PBXBuildFile; fileRef = A0A8638421C42B6600D7370C /* PopularMovie+CoreDataClass.swift */; };
		A0A8638721C42B6600D7370C /* PopularMovie+CoreDataProperties.swift in Sources */ = {isa = PBXBuildFile; fileRef = A0A8638521C42B6600D7370C /* PopularMovie+CoreDataProperties.swift */; };
		A0DAEE1B21C1D3B5008ABC10 /* MenuBar.swift in Sources */ = {isa = PBXBuildFile; fileRef = A0DAEE1A21C1D3B5008ABC10 /* MenuBar.swift */; };
		A0DAEE1D21C1D517008ABC10 /* BaseCell.swift in Sources */ = {isa = PBXBuildFile; fileRef = A0DAEE1C21C1D517008ABC10 /* BaseCell.swift */; };
		AA3E853301E364F1A4984BF2 /* Pods_RappiMovieTest.framework in Frameworks */ = {isa = PBXBuildFile; fileRef = B7690E9B200DBD3E169B562E /* Pods_RappiMovieTest.framework */; };
/* End PBXBuildFile section */

/* Begin PBXFileReference section */
		65AD23933E2A0E7B1039417E /* Pods-RappiMovieTest.debug.xcconfig */ = {isa = PBXFileReference; includeInIndex = 1; lastKnownFileType = text.xcconfig; name = "Pods-RappiMovieTest.debug.xcconfig"; path = "Pods/Target Support Files/Pods-RappiMovieTest/Pods-RappiMovieTest.debug.xcconfig"; sourceTree = "<group>"; };
		A02B24E221C484EE00819FB7 /* UpcomingMovieCell.swift */ = {isa = PBXFileReference; lastKnownFileType = sourcecode.swift; path = UpcomingMovieCell.swift; sourceTree = "<group>"; };
		A02B24E721C48B1000819FB7 /* MovieDetailController.swift */ = {isa = PBXFileReference; lastKnownFileType = sourcecode.swift; path = MovieDetailController.swift; sourceTree = "<group>"; };
		A02B24E921C4BBCD00819FB7 /* MenuCell.swift */ = {isa = PBXFileReference; lastKnownFileType = sourcecode.swift; path = MenuCell.swift; sourceTree = "<group>"; };
		A02B24ED21C7194300819FB7 /* EntityName.swift */ = {isa = PBXFileReference; lastKnownFileType = sourcecode.swift; path = EntityName.swift; sourceTree = "<group>"; };
		A074588921C0880200D3E483 /* RappiMovieTest.app */ = {isa = PBXFileReference; explicitFileType = wrapper.application; includeInIndex = 0; path = RappiMovieTest.app; sourceTree = BUILT_PRODUCTS_DIR; };
		A074588C21C0880200D3E483 /* AppDelegate.swift */ = {isa = PBXFileReference; lastKnownFileType = sourcecode.swift; path = AppDelegate.swift; sourceTree = "<group>"; };
		A074588E21C0880200D3E483 /* ViewController.swift */ = {isa = PBXFileReference; lastKnownFileType = sourcecode.swift; path = ViewController.swift; sourceTree = "<group>"; };
		A074589121C0880200D3E483 /* Base */ = {isa = PBXFileReference; lastKnownFileType = file.storyboard; name = Base; path = Base.lproj/Main.storyboard; sourceTree = "<group>"; };
		A074589421C0880200D3E483 /* RappiMovieTest.xcdatamodel */ = {isa = PBXFileReference; lastKnownFileType = wrapper.xcdatamodel; path = RappiMovieTest.xcdatamodel; sourceTree = "<group>"; };
		A074589621C0880700D3E483 /* Assets.xcassets */ = {isa = PBXFileReference; lastKnownFileType = folder.assetcatalog; path = Assets.xcassets; sourceTree = "<group>"; };
		A074589921C0880700D3E483 /* Base */ = {isa = PBXFileReference; lastKnownFileType = file.storyboard; name = Base; path = Base.lproj/LaunchScreen.storyboard; sourceTree = "<group>"; };
		A074589B21C0880700D3E483 /* Info.plist */ = {isa = PBXFileReference; lastKnownFileType = text.plist.xml; path = Info.plist; sourceTree = "<group>"; };
		A07458A221C0887100D3E483 /* Extensions.swift */ = {isa = PBXFileReference; lastKnownFileType = sourcecode.swift; path = Extensions.swift; sourceTree = "<group>"; };
		A07458A421C088D600D3E483 /* HomeViewController.swift */ = {isa = PBXFileReference; lastKnownFileType = sourcecode.swift; path = HomeViewController.swift; sourceTree = "<group>"; };
		A07458A621C0892A00D3E483 /* LoginController.swift */ = {isa = PBXFileReference; lastKnownFileType = sourcecode.swift; path = LoginController.swift; sourceTree = "<group>"; };
		A07458A821C0BDEC00D3E483 /* AuthService.swift */ = {isa = PBXFileReference; lastKnownFileType = sourcecode.swift; path = AuthService.swift; sourceTree = "<group>"; };
		A0A8635D21C208FC00D7370C /* PopularCell.swift */ = {isa = PBXFileReference; lastKnownFileType = sourcecode.swift; path = PopularCell.swift; sourceTree = "<group>"; };
		A0A8635F21C2090D00D7370C /* TopRatedCell.swift */ = {isa = PBXFileReference; lastKnownFileType = sourcecode.swift; path = TopRatedCell.swift; sourceTree = "<group>"; };
		A0A8636121C2092600D7370C /* UpComingCell.swift */ = {isa = PBXFileReference; lastKnownFileType = sourcecode.swift; path = UpComingCell.swift; sourceTree = "<group>"; };
		A0A8636321C211B500D7370C /* PopularMovieCell.swift */ = {isa = PBXFileReference; lastKnownFileType = sourcecode.swift; path = PopularMovieCell.swift; sourceTree = "<group>"; };
		A0A8636921C2190600D7370C /* CoreDataStack.swift */ = {isa = PBXFileReference; lastKnownFileType = sourcecode.swift; path = CoreDataStack.swift; sourceTree = "<group>"; };
		A0A8637021C2AFE700D7370C /* CustomImageView.swift */ = {isa = PBXFileReference; lastKnownFileType = sourcecode.swift; path = CustomImageView.swift; sourceTree = "<group>"; };
		A0A8637221C2E39600D7370C /* ApiService.swift */ = {isa = PBXFileReference; lastKnownFileType = sourcecode.swift; path = ApiService.swift; sourceTree = "<group>"; };
		A0A8637421C2E71D00D7370C /* Constants.swift */ = {isa = PBXFileReference; lastKnownFileType = sourcecode.swift; path = Constants.swift; sourceTree = "<group>"; };
		A0A8637621C36DF400D7370C /* TopRatedMovieCell.swift */ = {isa = PBXFileReference; lastKnownFileType = sourcecode.swift; path = TopRatedMovieCell.swift; sourceTree = "<group>"; };
		A0A8637C21C428C900D7370C /* UpcomingMovie+CoreDataClass.swift */ = {isa = PBXFileReference; lastKnownFileType = sourcecode.swift; path = "UpcomingMovie+CoreDataClass.swift"; sourceTree = "<group>"; };
		A0A8637D21C428C900D7370C /* UpcomingMovie+CoreDataProperties.swift */ = {isa = PBXFileReference; lastKnownFileType = sourcecode.swift; path = "UpcomingMovie+CoreDataProperties.swift"; sourceTree = "<group>"; };
		A0A8637E21C428C900D7370C /* TopRatedMovie+CoreDataClass.swift */ = {isa = PBXFileReference; lastKnownFileType = sourcecode.swift; path = "TopRatedMovie+CoreDataClass.swift"; sourceTree = "<group>"; };
		A0A8637F21C428C900D7370C /* TopRatedMovie+CoreDataProperties.swift */ = {isa = PBXFileReference; lastKnownFileType = sourcecode.swift; path = "TopRatedMovie+CoreDataProperties.swift"; sourceTree = "<group>"; };
		A0A8638421C42B6600D7370C /* PopularMovie+CoreDataClass.swift */ = {isa = PBXFileReference; lastKnownFileType = sourcecode.swift; path = "PopularMovie+CoreDataClass.swift"; sourceTree = "<group>"; };
		A0A8638521C42B6600D7370C /* PopularMovie+CoreDataProperties.swift */ = {isa = PBXFileReference; lastKnownFileType = sourcecode.swift; path = "PopularMovie+CoreDataProperties.swift"; sourceTree = "<group>"; };
		A0DAEE1A21C1D3B5008ABC10 /* MenuBar.swift */ = {isa = PBXFileReference; lastKnownFileType = sourcecode.swift; path = MenuBar.swift; sourceTree = "<group>"; };
		A0DAEE1C21C1D517008ABC10 /* BaseCell.swift */ = {isa = PBXFileReference; lastKnownFileType = sourcecode.swift; path = BaseCell.swift; sourceTree = "<group>"; };
		B7690E9B200DBD3E169B562E /* Pods_RappiMovieTest.framework */ = {isa = PBXFileReference; explicitFileType = wrapper.framework; includeInIndex = 0; path = Pods_RappiMovieTest.framework; sourceTree = BUILT_PRODUCTS_DIR; };
		C8D28098D7914A60FE4533FD /* Pods-RappiMovieTest.release.xcconfig */ = {isa = PBXFileReference; includeInIndex = 1; lastKnownFileType = text.xcconfig; name = "Pods-RappiMovieTest.release.xcconfig"; path = "Pods/Target Support Files/Pods-RappiMovieTest/Pods-RappiMovieTest.release.xcconfig"; sourceTree = "<group>"; };
/* End PBXFileReference section */

/* Begin PBXFrameworksBuildPhase section */
		A074588621C0880200D3E483 /* Frameworks */ = {
			isa = PBXFrameworksBuildPhase;
			buildActionMask = 2147483647;
			files = (
				AA3E853301E364F1A4984BF2 /* Pods_RappiMovieTest.framework in Frameworks */,
			);
			runOnlyForDeploymentPostprocessing = 0;
		};
/* End PBXFrameworksBuildPhase section */

/* Begin PBXGroup section */
		61AE433D5390A4F1FA4376F2 /* Pods */ = {
			isa = PBXGroup;
			children = (
				65AD23933E2A0E7B1039417E /* Pods-RappiMovieTest.debug.xcconfig */,
				C8D28098D7914A60FE4533FD /* Pods-RappiMovieTest.release.xcconfig */,
			);
			name = Pods;
			sourceTree = "<group>";
		};
		98F14619FD2A88773C3A6D74 /* Frameworks */ = {
			isa = PBXGroup;
			children = (
				B7690E9B200DBD3E169B562E /* Pods_RappiMovieTest.framework */,
			);
			name = Frameworks;
			sourceTree = "<group>";
		};
		A02B24E421C4860E00819FB7 /* Controller */ = {
			isa = PBXGroup;
			children = (
				A07458A421C088D600D3E483 /* HomeViewController.swift */,
				A07458A621C0892A00D3E483 /* LoginController.swift */,
				A02B24E721C48B1000819FB7 /* MovieDetailController.swift */,
			);
			path = Controller;
			sourceTree = "<group>";
		};
		A02B24E521C4862400819FB7 /* View */ = {
			isa = PBXGroup;
			children = (
				A0DAEE1C21C1D517008ABC10 /* BaseCell.swift */,
				A02B24E921C4BBCD00819FB7 /* MenuCell.swift */,
				A0A8635D21C208FC00D7370C /* PopularCell.swift */,
				A0A8635F21C2090D00D7370C /* TopRatedCell.swift */,
				A0A8636121C2092600D7370C /* UpComingCell.swift */,
				A0A8636321C211B500D7370C /* PopularMovieCell.swift */,
				A0A8637621C36DF400D7370C /* TopRatedMovieCell.swift */,
				A02B24E221C484EE00819FB7 /* UpcomingMovieCell.swift */,
				A0DAEE1A21C1D3B5008ABC10 /* MenuBar.swift */,
			);
			path = View;
			sourceTree = "<group>";
		};
		A02B24E621C4870C00819FB7 /* Model */ = {
			isa = PBXGroup;
			children = (
				A0A8638421C42B6600D7370C /* PopularMovie+CoreDataClass.swift */,
				A0A8638521C42B6600D7370C /* PopularMovie+CoreDataProperties.swift */,
				A0A8637C21C428C900D7370C /* UpcomingMovie+CoreDataClass.swift */,
				A0A8637D21C428C900D7370C /* UpcomingMovie+CoreDataProperties.swift */,
				A0A8637E21C428C900D7370C /* TopRatedMovie+CoreDataClass.swift */,
				A0A8637F21C428C900D7370C /* TopRatedMovie+CoreDataProperties.swift */,
				A02B24ED21C7194300819FB7 /* EntityName.swift */,
			);
			path = Model;
			sourceTree = "<group>";
		};
		A074588021C0880200D3E483 = {
			isa = PBXGroup;
			children = (
				A074588B21C0880200D3E483 /* RappiMovieTest */,
				A074588A21C0880200D3E483 /* Products */,
				61AE433D5390A4F1FA4376F2 /* Pods */,
				98F14619FD2A88773C3A6D74 /* Frameworks */,
			);
			sourceTree = "<group>";
		};
		A074588A21C0880200D3E483 /* Products */ = {
			isa = PBXGroup;
			children = (
				A074588921C0880200D3E483 /* RappiMovieTest.app */,
			);
			name = Products;
			sourceTree = "<group>";
		};
		A074588B21C0880200D3E483 /* RappiMovieTest */ = {
			isa = PBXGroup;
			children = (
				A02B24E621C4870C00819FB7 /* Model */,
				A02B24E521C4862400819FB7 /* View */,
				A02B24E421C4860E00819FB7 /* Controller */,
				A07458A121C0886600D3E483 /* Utils */,
				A074588C21C0880200D3E483 /* AppDelegate.swift */,
				A074588E21C0880200D3E483 /* ViewController.swift */,
				A074589021C0880200D3E483 /* Main.storyboard */,
				A074589621C0880700D3E483 /* Assets.xcassets */,
				A074589821C0880700D3E483 /* LaunchScreen.storyboard */,
				A074589B21C0880700D3E483 /* Info.plist */,
				A074589321C0880200D3E483 /* RappiMovieTest.xcdatamodeld */,
			);
			path = RappiMovieTest;
			sourceTree = "<group>";
		};
		A07458A121C0886600D3E483 /* Utils */ = {
			isa = PBXGroup;
			children = (
				A07458A221C0887100D3E483 /* Extensions.swift */,
				A07458A821C0BDEC00D3E483 /* AuthService.swift */,
				A0A8636921C2190600D7370C /* CoreDataStack.swift */,
				A0A8637021C2AFE700D7370C /* CustomImageView.swift */,
				A0A8637221C2E39600D7370C /* ApiService.swift */,
				A0A8637421C2E71D00D7370C /* Constants.swift */,
			);
			path = Utils;
			sourceTree = "<group>";
		};
/* End PBXGroup section */

/* Begin PBXNativeTarget section */
		A074588821C0880200D3E483 /* RappiMovieTest */ = {
			isa = PBXNativeTarget;
			buildConfigurationList = A074589E21C0880700D3E483 /* Build configuration list for PBXNativeTarget "RappiMovieTest" */;
			buildPhases = (
				A470294AFCED26C83099B686 /* [CP] Check Pods Manifest.lock */,
				A074588521C0880200D3E483 /* Sources */,
				A074588621C0880200D3E483 /* Frameworks */,
				A074588721C0880200D3E483 /* Resources */,
				F936BECE35650E57DD8149E3 /* [CP] Embed Pods Frameworks */,
			);
			buildRules = (
			);
			dependencies = (
			);
			name = RappiMovieTest;
			productName = RappiMovieTest;
			productReference = A074588921C0880200D3E483 /* RappiMovieTest.app */;
			productType = "com.apple.product-type.application";
		};
/* End PBXNativeTarget section */

/* Begin PBXProject section */
		A074588121C0880200D3E483 /* Project object */ = {
			isa = PBXProject;
			attributes = {
				LastSwiftUpdateCheck = 1010;
				LastUpgradeCheck = 1010;
				ORGANIZATIONNAME = OmarTorres;
				TargetAttributes = {
					A074588821C0880200D3E483 = {
						CreatedOnToolsVersion = 10.1;
					};
				};
			};
			buildConfigurationList = A074588421C0880200D3E483 /* Build configuration list for PBXProject "RappiMovieTest" */;
			compatibilityVersion = "Xcode 9.3";
			developmentRegion = en;
			hasScannedForEncodings = 0;
			knownRegions = (
				en,
				Base,
			);
			mainGroup = A074588021C0880200D3E483;
			productRefGroup = A074588A21C0880200D3E483 /* Products */;
			projectDirPath = "";
			projectRoot = "";
			targets = (
				A074588821C0880200D3E483 /* RappiMovieTest */,
			);
		};
/* End PBXProject section */

/* Begin PBXResourcesBuildPhase section */
		A074588721C0880200D3E483 /* Resources */ = {
			isa = PBXResourcesBuildPhase;
			buildActionMask = 2147483647;
			files = (
				A074589A21C0880700D3E483 /* LaunchScreen.storyboard in Resources */,
				A074589721C0880700D3E483 /* Assets.xcassets in Resources */,
				A074589221C0880200D3E483 /* Main.storyboard in Resources */,
			);
			runOnlyForDeploymentPostprocessing = 0;
		};
/* End PBXResourcesBuildPhase section */

/* Begin PBXShellScriptBuildPhase section */
		A470294AFCED26C83099B686 /* [CP] Check Pods Manifest.lock */ = {
			isa = PBXShellScriptBuildPhase;
			buildActionMask = 2147483647;
			files = (
			);
			inputFileListPaths = (
			);
			inputPaths = (
				"${PODS_PODFILE_DIR_PATH}/Podfile.lock",
				"${PODS_ROOT}/Manifest.lock",
			);
			name = "[CP] Check Pods Manifest.lock";
			outputFileListPaths = (
			);
			outputPaths = (
				"$(DERIVED_FILE_DIR)/Pods-RappiMovieTest-checkManifestLockResult.txt",
			);
			runOnlyForDeploymentPostprocessing = 0;
			shellPath = /bin/sh;
			shellScript = "diff \"${PODS_PODFILE_DIR_PATH}/Podfile.lock\" \"${PODS_ROOT}/Manifest.lock\" > /dev/null\nif [ $? != 0 ] ; then\n    # print error to STDERR\n    echo \"error: The sandbox is not in sync with the Podfile.lock. Run 'pod install' or update your CocoaPods installation.\" >&2\n    exit 1\nfi\n# This output is used by Xcode 'outputs' to avoid re-running this script phase.\necho \"SUCCESS\" > \"${SCRIPT_OUTPUT_FILE_0}\"\n";
			showEnvVarsInLog = 0;
		};
		F936BECE35650E57DD8149E3 /* [CP] Embed Pods Frameworks */ = {
			isa = PBXShellScriptBuildPhase;
			buildActionMask = 2147483647;
			files = (
			);
			inputFileListPaths = (
			);
			inputPaths = (
				"${SRCROOT}/Pods/Target Support Files/Pods-RappiMovieTest/Pods-RappiMovieTest-frameworks.sh",
				"${BUILT_PRODUCTS_DIR}/Alamofire/Alamofire.framework",
				"${BUILT_PRODUCTS_DIR}/Locksmith/Locksmith.framework",
			);
			name = "[CP] Embed Pods Frameworks";
			outputFileListPaths = (
			);
			outputPaths = (
				"${TARGET_BUILD_DIR}/${FRAMEWORKS_FOLDER_PATH}/Alamofire.framework",
				"${TARGET_BUILD_DIR}/${FRAMEWORKS_FOLDER_PATH}/Locksmith.framework",
			);
			runOnlyForDeploymentPostprocessing = 0;
			shellPath = /bin/sh;
			shellScript = "\"${SRCROOT}/Pods/Target Support Files/Pods-RappiMovieTest/Pods-RappiMovieTest-frameworks.sh\"\n";
			showEnvVarsInLog = 0;
		};
/* End PBXShellScriptBuildPhase section */

/* Begin PBXSourcesBuildPhase section */
		A074588521C0880200D3E483 /* Sources */ = {
			isa = PBXSourcesBuildPhase;
			buildActionMask = 2147483647;
			files = (
				A0A8636421C211B500D7370C /* PopularMovieCell.swift in Sources */,
				A07458A521C088D600D3E483 /* HomeViewController.swift in Sources */,
				A02B24EA21C4BBCD00819FB7 /* MenuCell.swift in Sources */,
				A0A8636021C2090D00D7370C /* TopRatedCell.swift in Sources */,
				A07458A721C0892A00D3E483 /* LoginController.swift in Sources */,
				A0A8638721C42B6600D7370C /* PopularMovie+CoreDataProperties.swift in Sources */,
				A0A8638121C428C900D7370C /* UpcomingMovie+CoreDataProperties.swift in Sources */,
				A0A8637721C36DF400D7370C /* TopRatedMovieCell.swift in Sources */,
				A0DAEE1B21C1D3B5008ABC10 /* MenuBar.swift in Sources */,
				A0A8638321C428C900D7370C /* TopRatedMovie+CoreDataProperties.swift in Sources */,
				A02B24E321C484EE00819FB7 /* UpcomingMovieCell.swift in Sources */,
				A0A8635E21C208FC00D7370C /* PopularCell.swift in Sources */,
				A0A8638621C42B6600D7370C /* PopularMovie+CoreDataClass.swift in Sources */,
				A074588F21C0880200D3E483 /* ViewController.swift in Sources */,
				A0A8638221C428C900D7370C /* TopRatedMovie+CoreDataClass.swift in Sources */,
				A0A8636A21C2190600D7370C /* CoreDataStack.swift in Sources */,
				A0DAEE1D21C1D517008ABC10 /* BaseCell.swift in Sources */,
				A074588D21C0880200D3E483 /* AppDelegate.swift in Sources */,
				A074589521C0880200D3E483 /* RappiMovieTest.xcdatamodeld in Sources */,
				A0A8638021C428C900D7370C /* UpcomingMovie+CoreDataClass.swift in Sources */,
				A02B24E821C48B1000819FB7 /* MovieDetailController.swift in Sources */,
				A07458A321C0887100D3E483 /* Extensions.swift in Sources */,
				A0A8637321C2E39600D7370C /* ApiService.swift in Sources */,
				A0A8637521C2E71D00D7370C /* Constants.swift in Sources */,
				A07458A921C0BDEC00D3E483 /* AuthService.swift in Sources */,
				A02B24EE21C7194300819FB7 /* EntityName.swift in Sources */,
				A0A8637121C2AFE700D7370C /* CustomImageView.swift in Sources */,
				A0A8636221C2092600D7370C /* UpComingCell.swift in Sources */,
			);
			runOnlyForDeploymentPostprocessing = 0;
		};
/* End PBXSourcesBuildPhase section */

/* Begin PBXVariantGroup section */
		A074589021C0880200D3E483 /* Main.storyboard */ = {
			isa = PBXVariantGroup;
			children = (
				A074589121C0880200D3E483 /* Base */,
			);
			name = Main.storyboard;
			sourceTree = "<group>";
		};
		A074589821C0880700D3E483 /* LaunchScreen.storyboard */ = {
			isa = PBXVariantGroup;
			children = (
				A074589921C0880700D3E483 /* Base */,
			);
			name = LaunchScreen.storyboard;
			sourceTree = "<group>";
		};
/* End PBXVariantGroup section */

/* Begin XCBuildConfiguration section */
		A074589C21C0880700D3E483 /* Debug */ = {
			isa = XCBuildConfiguration;
			buildSettings = {
				ALWAYS_SEARCH_USER_PATHS = NO;
				CLANG_ANALYZER_NONNULL = YES;
				CLANG_ANALYZER_NUMBER_OBJECT_CONVERSION = YES_AGGRESSIVE;
				CLANG_CXX_LANGUAGE_STANDARD = "gnu++14";
				CLANG_CXX_LIBRARY = "libc++";
				CLANG_ENABLE_MODULES = YES;
				CLANG_ENABLE_OBJC_ARC = YES;
				CLANG_ENABLE_OBJC_WEAK = YES;
				CLANG_WARN_BLOCK_CAPTURE_AUTORELEASING = YES;
				CLANG_WARN_BOOL_CONVERSION = YES;
				CLANG_WARN_COMMA = YES;
				CLANG_WARN_CONSTANT_CONVERSION = YES;
				CLANG_WARN_DEPRECATED_OBJC_IMPLEMENTATIONS = YES;
				CLANG_WARN_DIRECT_OBJC_ISA_USAGE = YES_ERROR;
				CLANG_WARN_DOCUMENTATION_COMMENTS = YES;
				CLANG_WARN_EMPTY_BODY = YES;
				CLANG_WARN_ENUM_CONVERSION = YES;
				CLANG_WARN_INFINITE_RECURSION = YES;
				CLANG_WARN_INT_CONVERSION = YES;
				CLANG_WARN_NON_LITERAL_NULL_CONVERSION = YES;
				CLANG_WARN_OBJC_IMPLICIT_RETAIN_SELF = YES;
				CLANG_WARN_OBJC_LITERAL_CONVERSION = YES;
				CLANG_WARN_OBJC_ROOT_CLASS = YES_ERROR;
				CLANG_WARN_RANGE_LOOP_ANALYSIS = YES;
				CLANG_WARN_STRICT_PROTOTYPES = YES;
				CLANG_WARN_SUSPICIOUS_MOVE = YES;
				CLANG_WARN_UNGUARDED_AVAILABILITY = YES_AGGRESSIVE;
				CLANG_WARN_UNREACHABLE_CODE = YES;
				CLANG_WARN__DUPLICATE_METHOD_MATCH = YES;
				CODE_SIGN_IDENTITY = "iPhone Developer";
				COPY_PHASE_STRIP = NO;
				DEBUG_INFORMATION_FORMAT = dwarf;
				ENABLE_STRICT_OBJC_MSGSEND = YES;
				ENABLE_TESTABILITY = YES;
				GCC_C_LANGUAGE_STANDARD = gnu11;
				GCC_DYNAMIC_NO_PIC = NO;
				GCC_NO_COMMON_BLOCKS = YES;
				GCC_OPTIMIZATION_LEVEL = 0;
				GCC_PREPROCESSOR_DEFINITIONS = (
					"DEBUG=1",
					"$(inherited)",
				);
				GCC_WARN_64_TO_32_BIT_CONVERSION = YES;
				GCC_WARN_ABOUT_RETURN_TYPE = YES_ERROR;
				GCC_WARN_UNDECLARED_SELECTOR = YES;
				GCC_WARN_UNINITIALIZED_AUTOS = YES_AGGRESSIVE;
				GCC_WARN_UNUSED_FUNCTION = YES;
				GCC_WARN_UNUSED_VARIABLE = YES;
				IPHONEOS_DEPLOYMENT_TARGET = 12.1;
				MTL_ENABLE_DEBUG_INFO = INCLUDE_SOURCE;
				MTL_FAST_MATH = YES;
				ONLY_ACTIVE_ARCH = YES;
				SDKROOT = iphoneos;
				SWIFT_ACTIVE_COMPILATION_CONDITIONS = DEBUG;
				SWIFT_OPTIMIZATION_LEVEL = "-Onone";
			};
			name = Debug;
		};
		A074589D21C0880700D3E483 /* Release */ = {
			isa = XCBuildConfiguration;
			buildSettings = {
				ALWAYS_SEARCH_USER_PATHS = NO;
				CLANG_ANALYZER_NONNULL = YES;
				CLANG_ANALYZER_NUMBER_OBJECT_CONVERSION = YES_AGGRESSIVE;
				CLANG_CXX_LANGUAGE_STANDARD = "gnu++14";
				CLANG_CXX_LIBRARY = "libc++";
				CLANG_ENABLE_MODULES = YES;
				CLANG_ENABLE_OBJC_ARC = YES;
				CLANG_ENABLE_OBJC_WEAK = YES;
				CLANG_WARN_BLOCK_CAPTURE_AUTORELEASING = YES;
				CLANG_WARN_BOOL_CONVERSION = YES;
				CLANG_WARN_COMMA = YES;
				CLANG_WARN_CONSTANT_CONVERSION = YES;
				CLANG_WARN_DEPRECATED_OBJC_IMPLEMENTATIONS = YES;
				CLANG_WARN_DIRECT_OBJC_ISA_USAGE = YES_ERROR;
				CLANG_WARN_DOCUMENTATION_COMMENTS = YES;
				CLANG_WARN_EMPTY_BODY = YES;
				CLANG_WARN_ENUM_CONVERSION = YES;
				CLANG_WARN_INFINITE_RECURSION = YES;
				CLANG_WARN_INT_CONVERSION = YES;
				CLANG_WARN_NON_LITERAL_NULL_CONVERSION = YES;
				CLANG_WARN_OBJC_IMPLICIT_RETAIN_SELF = YES;
				CLANG_WARN_OBJC_LITERAL_CONVERSION = YES;
				CLANG_WARN_OBJC_ROOT_CLASS = YES_ERROR;
				CLANG_WARN_RANGE_LOOP_ANALYSIS = YES;
				CLANG_WARN_STRICT_PROTOTYPES = YES;
				CLANG_WARN_SUSPICIOUS_MOVE = YES;
				CLANG_WARN_UNGUARDED_AVAILABILITY = YES_AGGRESSIVE;
				CLANG_WARN_UNREACHABLE_CODE = YES;
				CLANG_WARN__DUPLICATE_METHOD_MATCH = YES;
				CODE_SIGN_IDENTITY = "iPhone Developer";
				COPY_PHASE_STRIP = NO;
				DEBUG_INFORMATION_FORMAT = "dwarf-with-dsym";
				ENABLE_NS_ASSERTIONS = NO;
				ENABLE_STRICT_OBJC_MSGSEND = YES;
				GCC_C_LANGUAGE_STANDARD = gnu11;
				GCC_NO_COMMON_BLOCKS = YES;
				GCC_WARN_64_TO_32_BIT_CONVERSION = YES;
				GCC_WARN_ABOUT_RETURN_TYPE = YES_ERROR;
				GCC_WARN_UNDECLARED_SELECTOR = YES;
				GCC_WARN_UNINITIALIZED_AUTOS = YES_AGGRESSIVE;
				GCC_WARN_UNUSED_FUNCTION = YES;
				GCC_WARN_UNUSED_VARIABLE = YES;
				IPHONEOS_DEPLOYMENT_TARGET = 12.1;
				MTL_ENABLE_DEBUG_INFO = NO;
				MTL_FAST_MATH = YES;
				SDKROOT = iphoneos;
				SWIFT_COMPILATION_MODE = wholemodule;
				SWIFT_OPTIMIZATION_LEVEL = "-O";
				VALIDATE_PRODUCT = YES;
			};
			name = Release;
		};
		A074589F21C0880700D3E483 /* Debug */ = {
			isa = XCBuildConfiguration;
			baseConfigurationReference = 65AD23933E2A0E7B1039417E /* Pods-RappiMovieTest.debug.xcconfig */;
			buildSettings = {
				ASSETCATALOG_COMPILER_APPICON_NAME = AppIcon;
				CODE_SIGN_STYLE = Automatic;
				DEVELOPMENT_TEAM = W7KDN9ZT24;
				INFOPLIST_FILE = RappiMovieTest/Info.plist;
				LD_RUNPATH_SEARCH_PATHS = (
					"$(inherited)",
					"@executable_path/Frameworks",
				);
				PRODUCT_BUNDLE_IDENTIFIER = com.OmarTorres.RappiMovieTest;
				PRODUCT_NAME = "$(TARGET_NAME)";
				SWIFT_VERSION = 4.0;
				TARGETED_DEVICE_FAMILY = 1;
			};
			name = Debug;
		};
		A07458A021C0880700D3E483 /* Release */ = {
			isa = XCBuildConfiguration;
			baseConfigurationReference = C8D28098D7914A60FE4533FD /* Pods-RappiMovieTest.release.xcconfig */;
			buildSettings = {
				ASSETCATALOG_COMPILER_APPICON_NAME = AppIcon;
				CODE_SIGN_STYLE = Automatic;
				DEVELOPMENT_TEAM = W7KDN9ZT24;
				INFOPLIST_FILE = RappiMovieTest/Info.plist;
				LD_RUNPATH_SEARCH_PATHS = (
					"$(inherited)",
					"@executable_path/Frameworks",
				);
				PRODUCT_BUNDLE_IDENTIFIER = com.OmarTorres.RappiMovieTest;
				PRODUCT_NAME = "$(TARGET_NAME)";
				SWIFT_VERSION = 4.0;
				TARGETED_DEVICE_FAMILY = 1;
			};
			name = Release;
		};
/* End XCBuildConfiguration section */

/* Begin XCConfigurationList section */
		A074588421C0880200D3E483 /* Build configuration list for PBXProject "RappiMovieTest" */ = {
			isa = XCConfigurationList;
			buildConfigurations = (
				A074589C21C0880700D3E483 /* Debug */,
				A074589D21C0880700D3E483 /* Release */,
			);
			defaultConfigurationIsVisible = 0;
			defaultConfigurationName = Release;
		};
		A074589E21C0880700D3E483 /* Build configuration list for PBXNativeTarget "RappiMovieTest" */ = {
			isa = XCConfigurationList;
			buildConfigurations = (
				A074589F21C0880700D3E483 /* Debug */,
				A07458A021C0880700D3E483 /* Release */,
			);
			defaultConfigurationIsVisible = 0;
			defaultConfigurationName = Release;
		};
/* End XCConfigurationList section */

/* Begin XCVersionGroup section */
		A074589321C0880200D3E483 /* RappiMovieTest.xcdatamodeld */ = {
			isa = XCVersionGroup;
			children = (
				A074589421C0880200D3E483 /* RappiMovieTest.xcdatamodel */,
			);
			currentVersion = A074589421C0880200D3E483 /* RappiMovieTest.xcdatamodel */;
			path = RappiMovieTest.xcdatamodeld;
			sourceTree = "<group>";
			versionGroupType = wrapper.xcdatamodel;
		};
/* End XCVersionGroup section */
	};
	rootObject = A074588121C0880200D3E483 /* Project object */;
}
